// !$*UTF8*$!
{
	archiveVersion = 1;
	classes = {
	};
	objectVersion = 50;
	objects = {

/* Begin PBXBuildFile section */
		0E23DCCB003BEFFCE2FE14C1 /* Pods_PhotosAppTests.framework in Frameworks */ = {isa = PBXBuildFile; fileRef = C3CFDA6E8A90B1306DC64E8F /* Pods_PhotosAppTests.framework */; };
		27A7168E23F807E600602E52 /* AppDelegate.swift in Sources */ = {isa = PBXBuildFile; fileRef = 27A7168D23F807E600602E52 /* AppDelegate.swift */; };
		27A7169023F807E600602E52 /* ViewController.swift in Sources */ = {isa = PBXBuildFile; fileRef = 27A7168F23F807E600602E52 /* ViewController.swift */; };
		27A7169323F807E600602E52 /* Main.storyboard in Resources */ = {isa = PBXBuildFile; fileRef = 27A7169123F807E600602E52 /* Main.storyboard */; };
		27A7169623F807E600602E52 /* PhotosApp.xcdatamodeld in Sources */ = {isa = PBXBuildFile; fileRef = 27A7169423F807E600602E52 /* PhotosApp.xcdatamodeld */; };
		27A7169823F807E800602E52 /* Assets.xcassets in Resources */ = {isa = PBXBuildFile; fileRef = 27A7169723F807E800602E52 /* Assets.xcassets */; };
		27A7169B23F807E800602E52 /* LaunchScreen.storyboard in Resources */ = {isa = PBXBuildFile; fileRef = 27A7169923F807E800602E52 /* LaunchScreen.storyboard */; };
		27A716A623F807E900602E52 /* PhotosAppTests.swift in Sources */ = {isa = PBXBuildFile; fileRef = 27A716A523F807E900602E52 /* PhotosAppTests.swift */; };
		27A716B123F807E900602E52 /* PhotosAppUITests.swift in Sources */ = {isa = PBXBuildFile; fileRef = 27A716B023F807E900602E52 /* PhotosAppUITests.swift */; };
		AF296DA1E6C4A9554904D2AF /* Pods_PhotosAppUITests.framework in Frameworks */ = {isa = PBXBuildFile; fileRef = 19E6A1CC1689D4F44EEB3618 /* Pods_PhotosAppUITests.framework */; };
		EADD0457B7D64DD264532477 /* Pods_PhotosApp.framework in Frameworks */ = {isa = PBXBuildFile; fileRef = E32FEB10FC37266068538737 /* Pods_PhotosApp.framework */; };
/* End PBXBuildFile section */

/* Begin PBXContainerItemProxy section */
		27A716A223F807E900602E52 /* PBXContainerItemProxy */ = {
			isa = PBXContainerItemProxy;
			containerPortal = 27A7168223F807E600602E52 /* Project object */;
			proxyType = 1;
			remoteGlobalIDString = 27A7168923F807E600602E52;
			remoteInfo = PhotosApp;
		};
		27A716AD23F807E900602E52 /* PBXContainerItemProxy */ = {
			isa = PBXContainerItemProxy;
			containerPortal = 27A7168223F807E600602E52 /* Project object */;
			proxyType = 1;
			remoteGlobalIDString = 27A7168923F807E600602E52;
			remoteInfo = PhotosApp;
		};
/* End PBXContainerItemProxy section */

/* Begin PBXFileReference section */
		060EF52644A4168799441ACD /* Pods-PhotosAppTests.release.xcconfig */ = {isa = PBXFileReference; includeInIndex = 1; lastKnownFileType = text.xcconfig; name = "Pods-PhotosAppTests.release.xcconfig"; path = "Target Support Files/Pods-PhotosAppTests/Pods-PhotosAppTests.release.xcconfig"; sourceTree = "<group>"; };
		19E6A1CC1689D4F44EEB3618 /* Pods_PhotosAppUITests.framework */ = {isa = PBXFileReference; explicitFileType = wrapper.framework; includeInIndex = 0; path = Pods_PhotosAppUITests.framework; sourceTree = BUILT_PRODUCTS_DIR; };
		27A7168A23F807E600602E52 /* PhotosApp.app */ = {isa = PBXFileReference; explicitFileType = wrapper.application; includeInIndex = 0; path = PhotosApp.app; sourceTree = BUILT_PRODUCTS_DIR; };
		27A7168D23F807E600602E52 /* AppDelegate.swift */ = {isa = PBXFileReference; lastKnownFileType = sourcecode.swift; path = AppDelegate.swift; sourceTree = "<group>"; };
		27A7168F23F807E600602E52 /* ViewController.swift */ = {isa = PBXFileReference; lastKnownFileType = sourcecode.swift; path = ViewController.swift; sourceTree = "<group>"; };
		27A7169223F807E600602E52 /* Base */ = {isa = PBXFileReference; lastKnownFileType = file.storyboard; name = Base; path = Base.lproj/Main.storyboard; sourceTree = "<group>"; };
		27A7169523F807E600602E52 /* PhotosApp.xcdatamodel */ = {isa = PBXFileReference; lastKnownFileType = wrapper.xcdatamodel; path = PhotosApp.xcdatamodel; sourceTree = "<group>"; };
		27A7169723F807E800602E52 /* Assets.xcassets */ = {isa = PBXFileReference; lastKnownFileType = folder.assetcatalog; path = Assets.xcassets; sourceTree = "<group>"; };
		27A7169A23F807E800602E52 /* Base */ = {isa = PBXFileReference; lastKnownFileType = file.storyboard; name = Base; path = Base.lproj/LaunchScreen.storyboard; sourceTree = "<group>"; };
		27A7169C23F807E800602E52 /* Info.plist */ = {isa = PBXFileReference; lastKnownFileType = text.plist.xml; path = Info.plist; sourceTree = "<group>"; };
		27A716A123F807E900602E52 /* PhotosAppTests.xctest */ = {isa = PBXFileReference; explicitFileType = wrapper.cfbundle; includeInIndex = 0; path = PhotosAppTests.xctest; sourceTree = BUILT_PRODUCTS_DIR; };
		27A716A523F807E900602E52 /* PhotosAppTests.swift */ = {isa = PBXFileReference; lastKnownFileType = sourcecode.swift; path = PhotosAppTests.swift; sourceTree = "<group>"; };
		27A716A723F807E900602E52 /* Info.plist */ = {isa = PBXFileReference; lastKnownFileType = text.plist.xml; path = Info.plist; sourceTree = "<group>"; };
		27A716AC23F807E900602E52 /* PhotosAppUITests.xctest */ = {isa = PBXFileReference; explicitFileType = wrapper.cfbundle; includeInIndex = 0; path = PhotosAppUITests.xctest; sourceTree = BUILT_PRODUCTS_DIR; };
		27A716B023F807E900602E52 /* PhotosAppUITests.swift */ = {isa = PBXFileReference; lastKnownFileType = sourcecode.swift; path = PhotosAppUITests.swift; sourceTree = "<group>"; };
		27A716B223F807E900602E52 /* Info.plist */ = {isa = PBXFileReference; lastKnownFileType = text.plist.xml; path = Info.plist; sourceTree = "<group>"; };
		292D7E8C2EB1E68560682302 /* Pods-PhotosApp.debug.xcconfig */ = {isa = PBXFileReference; includeInIndex = 1; lastKnownFileType = text.xcconfig; name = "Pods-PhotosApp.debug.xcconfig"; path = "Target Support Files/Pods-PhotosApp/Pods-PhotosApp.debug.xcconfig"; sourceTree = "<group>"; };
		321BB18A9B35141D80788810 /* Pods-PhotosAppUITests.release.xcconfig */ = {isa = PBXFileReference; includeInIndex = 1; lastKnownFileType = text.xcconfig; name = "Pods-PhotosAppUITests.release.xcconfig"; path = "Target Support Files/Pods-PhotosAppUITests/Pods-PhotosAppUITests.release.xcconfig"; sourceTree = "<group>"; };
		5A9F7C558BCB4830AD99C121 /* Pods-PhotosAppTests.debug.xcconfig */ = {isa = PBXFileReference; includeInIndex = 1; lastKnownFileType = text.xcconfig; name = "Pods-PhotosAppTests.debug.xcconfig"; path = "Target Support Files/Pods-PhotosAppTests/Pods-PhotosAppTests.debug.xcconfig"; sourceTree = "<group>"; };
		C3CFDA6E8A90B1306DC64E8F /* Pods_PhotosAppTests.framework */ = {isa = PBXFileReference; explicitFileType = wrapper.framework; includeInIndex = 0; path = Pods_PhotosAppTests.framework; sourceTree = BUILT_PRODUCTS_DIR; };
		E32FEB10FC37266068538737 /* Pods_PhotosApp.framework */ = {isa = PBXFileReference; explicitFileType = wrapper.framework; includeInIndex = 0; path = Pods_PhotosApp.framework; sourceTree = BUILT_PRODUCTS_DIR; };
		F655D8ACB8ED474D893CC9D9 /* Pods-PhotosApp.release.xcconfig */ = {isa = PBXFileReference; includeInIndex = 1; lastKnownFileType = text.xcconfig; name = "Pods-PhotosApp.release.xcconfig"; path = "Target Support Files/Pods-PhotosApp/Pods-PhotosApp.release.xcconfig"; sourceTree = "<group>"; };
		FC4D754DC64F214DE8E06B3B /* Pods-PhotosAppUITests.debug.xcconfig */ = {isa = PBXFileReference; includeInIndex = 1; lastKnownFileType = text.xcconfig; name = "Pods-PhotosAppUITests.debug.xcconfig"; path = "Target Support Files/Pods-PhotosAppUITests/Pods-PhotosAppUITests.debug.xcconfig"; sourceTree = "<group>"; };
/* End PBXFileReference section */

/* Begin PBXFrameworksBuildPhase section */
		27A7168723F807E600602E52 /* Frameworks */ = {
			isa = PBXFrameworksBuildPhase;
			buildActionMask = 2147483647;
			files = (
				EADD0457B7D64DD264532477 /* Pods_PhotosApp.framework in Frameworks */,
			);
			runOnlyForDeploymentPostprocessing = 0;
		};
		27A7169E23F807E900602E52 /* Frameworks */ = {
			isa = PBXFrameworksBuildPhase;
			buildActionMask = 2147483647;
			files = (
				0E23DCCB003BEFFCE2FE14C1 /* Pods_PhotosAppTests.framework in Frameworks */,
			);
			runOnlyForDeploymentPostprocessing = 0;
		};
		27A716A923F807E900602E52 /* Frameworks */ = {
			isa = PBXFrameworksBuildPhase;
			buildActionMask = 2147483647;
			files = (
				AF296DA1E6C4A9554904D2AF /* Pods_PhotosAppUITests.framework in Frameworks */,
			);
			runOnlyForDeploymentPostprocessing = 0;
		};
/* End PBXFrameworksBuildPhase section */

/* Begin PBXGroup section */
		0609C0B71067FE0403FEB5B6 /* Pods */ = {
			isa = PBXGroup;
			children = (
				292D7E8C2EB1E68560682302 /* Pods-PhotosApp.debug.xcconfig */,
				F655D8ACB8ED474D893CC9D9 /* Pods-PhotosApp.release.xcconfig */,
				5A9F7C558BCB4830AD99C121 /* Pods-PhotosAppTests.debug.xcconfig */,
				060EF52644A4168799441ACD /* Pods-PhotosAppTests.release.xcconfig */,
				FC4D754DC64F214DE8E06B3B /* Pods-PhotosAppUITests.debug.xcconfig */,
				321BB18A9B35141D80788810 /* Pods-PhotosAppUITests.release.xcconfig */,
			);
			path = Pods;
			sourceTree = "<group>";
		};
		27A7168123F807E600602E52 = {
			isa = PBXGroup;
			children = (
				27A7168C23F807E600602E52 /* PhotosApp */,
				27A716A423F807E900602E52 /* PhotosAppTests */,
				27A716AF23F807E900602E52 /* PhotosAppUITests */,
				27A7168B23F807E600602E52 /* Products */,
				0609C0B71067FE0403FEB5B6 /* Pods */,
				BA22B239158B6A941662A57B /* Frameworks */,
			);
			sourceTree = "<group>";
		};
		27A7168B23F807E600602E52 /* Products */ = {
			isa = PBXGroup;
			children = (
				27A7168A23F807E600602E52 /* PhotosApp.app */,
				27A716A123F807E900602E52 /* PhotosAppTests.xctest */,
				27A716AC23F807E900602E52 /* PhotosAppUITests.xctest */,
			);
			name = Products;
			sourceTree = "<group>";
		};
		27A7168C23F807E600602E52 /* PhotosApp */ = {
			isa = PBXGroup;
			children = (
				27A716BE23F80D3100602E52 /* Helpers */,
				27A7168D23F807E600602E52 /* AppDelegate.swift */,
				27A7168F23F807E600602E52 /* ViewController.swift */,
				27A7169123F807E600602E52 /* Main.storyboard */,
			);
			path = PhotosApp;
			sourceTree = "<group>";
		};
		27A716A423F807E900602E52 /* PhotosAppTests */ = {
			isa = PBXGroup;
			children = (
				27A716A523F807E900602E52 /* PhotosAppTests.swift */,
				27A716A723F807E900602E52 /* Info.plist */,
			);
			path = PhotosAppTests;
			sourceTree = "<group>";
		};
		27A716AF23F807E900602E52 /* PhotosAppUITests */ = {
			isa = PBXGroup;
			children = (
				27A716B023F807E900602E52 /* PhotosAppUITests.swift */,
				27A716B223F807E900602E52 /* Info.plist */,
			);
			path = PhotosAppUITests;
			sourceTree = "<group>";
		};
		27A716BE23F80D3100602E52 /* Helpers */ = {
			isa = PBXGroup;
			children = (
				27A7169923F807E800602E52 /* LaunchScreen.storyboard */,
				27A7169423F807E600602E52 /* PhotosApp.xcdatamodeld */,
				27A7169C23F807E800602E52 /* Info.plist */,
				27A7169723F807E800602E52 /* Assets.xcassets */,
			);
			path = Helpers;
			sourceTree = "<group>";
		};
		BA22B239158B6A941662A57B /* Frameworks */ = {
			isa = PBXGroup;
			children = (
				E32FEB10FC37266068538737 /* Pods_PhotosApp.framework */,
				C3CFDA6E8A90B1306DC64E8F /* Pods_PhotosAppTests.framework */,
				19E6A1CC1689D4F44EEB3618 /* Pods_PhotosAppUITests.framework */,
			);
			name = Frameworks;
			sourceTree = "<group>";
		};
/* End PBXGroup section */

/* Begin PBXNativeTarget section */
		27A7168923F807E600602E52 /* PhotosApp */ = {
			isa = PBXNativeTarget;
			buildConfigurationList = 27A716B523F807E900602E52 /* Build configuration list for PBXNativeTarget "PhotosApp" */;
			buildPhases = (
				05FF9D12FCDB836D24CD7303 /* [CP] Check Pods Manifest.lock */,
				27A7168623F807E600602E52 /* Sources */,
				27A7168723F807E600602E52 /* Frameworks */,
				27A7168823F807E600602E52 /* Resources */,
				EF84A0CE72E09D139299F99F /* [CP] Embed Pods Frameworks */,
			);
			buildRules = (
			);
			dependencies = (
			);
			name = PhotosApp;
			productName = PhotosApp;
			productReference = 27A7168A23F807E600602E52 /* PhotosApp.app */;
			productType = "com.apple.product-type.application";
		};
		27A716A023F807E900602E52 /* PhotosAppTests */ = {
			isa = PBXNativeTarget;
			buildConfigurationList = 27A716B823F807E900602E52 /* Build configuration list for PBXNativeTarget "PhotosAppTests" */;
			buildPhases = (
				08C8C9A1479F15107DC7E256 /* [CP] Check Pods Manifest.lock */,
				27A7169D23F807E900602E52 /* Sources */,
				27A7169E23F807E900602E52 /* Frameworks */,
				27A7169F23F807E900602E52 /* Resources */,
			);
			buildRules = (
			);
			dependencies = (
				27A716A323F807E900602E52 /* PBXTargetDependency */,
			);
			name = PhotosAppTests;
			productName = PhotosAppTests;
			productReference = 27A716A123F807E900602E52 /* PhotosAppTests.xctest */;
			productType = "com.apple.product-type.bundle.unit-test";
		};
		27A716AB23F807E900602E52 /* PhotosAppUITests */ = {
			isa = PBXNativeTarget;
			buildConfigurationList = 27A716BB23F807E900602E52 /* Build configuration list for PBXNativeTarget "PhotosAppUITests" */;
			buildPhases = (
				5F1DE514E32A6CE7B155D236 /* [CP] Check Pods Manifest.lock */,
				27A716A823F807E900602E52 /* Sources */,
				27A716A923F807E900602E52 /* Frameworks */,
				27A716AA23F807E900602E52 /* Resources */,
			);
			buildRules = (
			);
			dependencies = (
				27A716AE23F807E900602E52 /* PBXTargetDependency */,
			);
			name = PhotosAppUITests;
			productName = PhotosAppUITests;
			productReference = 27A716AC23F807E900602E52 /* PhotosAppUITests.xctest */;
			productType = "com.apple.product-type.bundle.ui-testing";
		};
/* End PBXNativeTarget section */

/* Begin PBXProject section */
		27A7168223F807E600602E52 /* Project object */ = {
			isa = PBXProject;
			attributes = {
				LastSwiftUpdateCheck = 1030;
				LastUpgradeCheck = 1030;
				ORGANIZATIONNAME = "Omer Elimelech";
				TargetAttributes = {
					27A7168923F807E600602E52 = {
						CreatedOnToolsVersion = 10.3;
					};
					27A716A023F807E900602E52 = {
						CreatedOnToolsVersion = 10.3;
						TestTargetID = 27A7168923F807E600602E52;
					};
					27A716AB23F807E900602E52 = {
						CreatedOnToolsVersion = 10.3;
						TestTargetID = 27A7168923F807E600602E52;
					};
				};
			};
			buildConfigurationList = 27A7168523F807E600602E52 /* Build configuration list for PBXProject "PhotosApp" */;
			compatibilityVersion = "Xcode 9.3";
			developmentRegion = en;
			hasScannedForEncodings = 0;
			knownRegions = (
				en,
				Base,
			);
			mainGroup = 27A7168123F807E600602E52;
			productRefGroup = 27A7168B23F807E600602E52 /* Products */;
			projectDirPath = "";
			projectRoot = "";
			targets = (
				27A7168923F807E600602E52 /* PhotosApp */,
				27A716A023F807E900602E52 /* PhotosAppTests */,
				27A716AB23F807E900602E52 /* PhotosAppUITests */,
			);
		};
/* End PBXProject section */

/* Begin PBXResourcesBuildPhase section */
		27A7168823F807E600602E52 /* Resources */ = {
			isa = PBXResourcesBuildPhase;
			buildActionMask = 2147483647;
			files = (
				27A7169B23F807E800602E52 /* LaunchScreen.storyboard in Resources */,
				27A7169823F807E800602E52 /* Assets.xcassets in Resources */,
				27A7169323F807E600602E52 /* Main.storyboard in Resources */,
			);
			runOnlyForDeploymentPostprocessing = 0;
		};
		27A7169F23F807E900602E52 /* Resources */ = {
			isa = PBXResourcesBuildPhase;
			buildActionMask = 2147483647;
			files = (
			);
			runOnlyForDeploymentPostprocessing = 0;
		};
		27A716AA23F807E900602E52 /* Resources */ = {
			isa = PBXResourcesBuildPhase;
			buildActionMask = 2147483647;
			files = (
			);
			runOnlyForDeploymentPostprocessing = 0;
		};
/* End PBXResourcesBuildPhase section */

/* Begin PBXShellScriptBuildPhase section */
		05FF9D12FCDB836D24CD7303 /* [CP] Check Pods Manifest.lock */ = {
			isa = PBXShellScriptBuildPhase;
			buildActionMask = 2147483647;
			files = (
			);
			inputFileListPaths = (
			);
			inputPaths = (
				"${PODS_PODFILE_DIR_PATH}/Podfile.lock",
				"${PODS_ROOT}/Manifest.lock",
			);
			name = "[CP] Check Pods Manifest.lock";
			outputFileListPaths = (
			);
			outputPaths = (
				"$(DERIVED_FILE_DIR)/Pods-PhotosApp-checkManifestLockResult.txt",
			);
			runOnlyForDeploymentPostprocessing = 0;
			shellPath = /bin/sh;
			shellScript = "diff \"${PODS_PODFILE_DIR_PATH}/Podfile.lock\" \"${PODS_ROOT}/Manifest.lock\" > /dev/null\nif [ $? != 0 ] ; then\n    # print error to STDERR\n    echo \"error: The sandbox is not in sync with the Podfile.lock. Run 'pod install' or update your CocoaPods installation.\" >&2\n    exit 1\nfi\n# This output is used by Xcode 'outputs' to avoid re-running this script phase.\necho \"SUCCESS\" > \"${SCRIPT_OUTPUT_FILE_0}\"\n";
			showEnvVarsInLog = 0;
		};
		08C8C9A1479F15107DC7E256 /* [CP] Check Pods Manifest.lock */ = {
			isa = PBXShellScriptBuildPhase;
			buildActionMask = 2147483647;
			files = (
			);
			inputFileListPaths = (
			);
			inputPaths = (
				"${PODS_PODFILE_DIR_PATH}/Podfile.lock",
				"${PODS_ROOT}/Manifest.lock",
			);
			name = "[CP] Check Pods Manifest.lock";
			outputFileListPaths = (
			);
			outputPaths = (
				"$(DERIVED_FILE_DIR)/Pods-PhotosAppTests-checkManifestLockResult.txt",
			);
			runOnlyForDeploymentPostprocessing = 0;
			shellPath = /bin/sh;
			shellScript = "diff \"${PODS_PODFILE_DIR_PATH}/Podfile.lock\" \"${PODS_ROOT}/Manifest.lock\" > /dev/null\nif [ $? != 0 ] ; then\n    # print error to STDERR\n    echo \"error: The sandbox is not in sync with the Podfile.lock. Run 'pod install' or update your CocoaPods installation.\" >&2\n    exit 1\nfi\n# This output is used by Xcode 'outputs' to avoid re-running this script phase.\necho \"SUCCESS\" > \"${SCRIPT_OUTPUT_FILE_0}\"\n";
			showEnvVarsInLog = 0;
		};
		5F1DE514E32A6CE7B155D236 /* [CP] Check Pods Manifest.lock */ = {
			isa = PBXShellScriptBuildPhase;
			buildActionMask = 2147483647;
			files = (
			);
			inputFileListPaths = (
			);
			inputPaths = (
				"${PODS_PODFILE_DIR_PATH}/Podfile.lock",
				"${PODS_ROOT}/Manifest.lock",
			);
			name = "[CP] Check Pods Manifest.lock";
			outputFileListPaths = (
			);
			outputPaths = (
				"$(DERIVED_FILE_DIR)/Pods-PhotosAppUITests-checkManifestLockResult.txt",
			);
			runOnlyForDeploymentPostprocessing = 0;
			shellPath = /bin/sh;
			shellScript = "diff \"${PODS_PODFILE_DIR_PATH}/Podfile.lock\" \"${PODS_ROOT}/Manifest.lock\" > /dev/null\nif [ $? != 0 ] ; then\n    # print error to STDERR\n    echo \"error: The sandbox is not in sync with the Podfile.lock. Run 'pod install' or update your CocoaPods installation.\" >&2\n    exit 1\nfi\n# This output is used by Xcode 'outputs' to avoid re-running this script phase.\necho \"SUCCESS\" > \"${SCRIPT_OUTPUT_FILE_0}\"\n";
			showEnvVarsInLog = 0;
		};
		EF84A0CE72E09D139299F99F /* [CP] Embed Pods Frameworks */ = {
			isa = PBXShellScriptBuildPhase;
			buildActionMask = 2147483647;
			files = (
			);
			inputFileListPaths = (
			);
			inputPaths = (
				"${PODS_ROOT}/Target Support Files/Pods-PhotosApp/Pods-PhotosApp-frameworks.sh",
				"${BUILT_PRODUCTS_DIR}/Alamofire/Alamofire.framework",
				"${BUILT_PRODUCTS_DIR}/IQKeyboardManagerSwift/IQKeyboardManagerSwift.framework",
				"${BUILT_PRODUCTS_DIR}/SVProgressHUD/SVProgressHUD.framework",
				"${BUILT_PRODUCTS_DIR}/SwipeCellKit/SwipeCellKit.framework",
			);
			name = "[CP] Embed Pods Frameworks";
			outputFileListPaths = (
			);
			outputPaths = (
				"${TARGET_BUILD_DIR}/${FRAMEWORKS_FOLDER_PATH}/Alamofire.framework",
				"${TARGET_BUILD_DIR}/${FRAMEWORKS_FOLDER_PATH}/IQKeyboardManagerSwift.framework",
				"${TARGET_BUILD_DIR}/${FRAMEWORKS_FOLDER_PATH}/SVProgressHUD.framework",
				"${TARGET_BUILD_DIR}/${FRAMEWORKS_FOLDER_PATH}/SwipeCellKit.framework",
			);
			runOnlyForDeploymentPostprocessing = 0;
			shellPath = /bin/sh;
			shellScript = "\"${PODS_ROOT}/Target Support Files/Pods-PhotosApp/Pods-PhotosApp-frameworks.sh\"\n";
			showEnvVarsInLog = 0;
		};
/* End PBXShellScriptBuildPhase section */

/* Begin PBXSourcesBuildPhase section */
		27A7168623F807E600602E52 /* Sources */ = {
			isa = PBXSourcesBuildPhase;
			buildActionMask = 2147483647;
			files = (
				27A7169023F807E600602E52 /* ViewController.swift in Sources */,
				27A7169623F807E600602E52 /* PhotosApp.xcdatamodeld in Sources */,
				27A7168E23F807E600602E52 /* AppDelegate.swift in Sources */,
			);
			runOnlyForDeploymentPostprocessing = 0;
		};
		27A7169D23F807E900602E52 /* Sources */ = {
			isa = PBXSourcesBuildPhase;
			buildActionMask = 2147483647;
			files = (
				27A716A623F807E900602E52 /* PhotosAppTests.swift in Sources */,
			);
			runOnlyForDeploymentPostprocessing = 0;
		};
		27A716A823F807E900602E52 /* Sources */ = {
			isa = PBXSourcesBuildPhase;
			buildActionMask = 2147483647;
			files = (
				27A716B123F807E900602E52 /* PhotosAppUITests.swift in Sources */,
			);
			runOnlyForDeploymentPostprocessing = 0;
		};
/* End PBXSourcesBuildPhase section */

/* Begin PBXTargetDependency section */
		27A716A323F807E900602E52 /* PBXTargetDependency */ = {
			isa = PBXTargetDependency;
			target = 27A7168923F807E600602E52 /* PhotosApp */;
			targetProxy = 27A716A223F807E900602E52 /* PBXContainerItemProxy */;
		};
		27A716AE23F807E900602E52 /* PBXTargetDependency */ = {
			isa = PBXTargetDependency;
			target = 27A7168923F807E600602E52 /* PhotosApp */;
			targetProxy = 27A716AD23F807E900602E52 /* PBXContainerItemProxy */;
		};
/* End PBXTargetDependency section */

/* Begin PBXVariantGroup section */
		27A7169123F807E600602E52 /* Main.storyboard */ = {
			isa = PBXVariantGroup;
			children = (
				27A7169223F807E600602E52 /* Base */,
			);
			name = Main.storyboard;
			sourceTree = "<group>";
		};
		27A7169923F807E800602E52 /* LaunchScreen.storyboard */ = {
			isa = PBXVariantGroup;
			children = (
				27A7169A23F807E800602E52 /* Base */,
			);
			name = LaunchScreen.storyboard;
			sourceTree = "<group>";
		};
/* End PBXVariantGroup section */

/* Begin XCBuildConfiguration section */
		27A716B323F807E900602E52 /* Debug */ = {
			isa = XCBuildConfiguration;
			buildSettings = {
				ALWAYS_SEARCH_USER_PATHS = NO;
				CLANG_ANALYZER_NONNULL = YES;
				CLANG_ANALYZER_NUMBER_OBJECT_CONVERSION = YES_AGGRESSIVE;
				CLANG_CXX_LANGUAGE_STANDARD = "gnu++14";
				CLANG_CXX_LIBRARY = "libc++";
				CLANG_ENABLE_MODULES = YES;
				CLANG_ENABLE_OBJC_ARC = YES;
				CLANG_ENABLE_OBJC_WEAK = YES;
				CLANG_WARN_BLOCK_CAPTURE_AUTORELEASING = YES;
				CLANG_WARN_BOOL_CONVERSION = YES;
				CLANG_WARN_COMMA = YES;
				CLANG_WARN_CONSTANT_CONVERSION = YES;
				CLANG_WARN_DEPRECATED_OBJC_IMPLEMENTATIONS = YES;
				CLANG_WARN_DIRECT_OBJC_ISA_USAGE = YES_ERROR;
				CLANG_WARN_DOCUMENTATION_COMMENTS = YES;
				CLANG_WARN_EMPTY_BODY = YES;
				CLANG_WARN_ENUM_CONVERSION = YES;
				CLANG_WARN_INFINITE_RECURSION = YES;
				CLANG_WARN_INT_CONVERSION = YES;
				CLANG_WARN_NON_LITERAL_NULL_CONVERSION = YES;
				CLANG_WARN_OBJC_IMPLICIT_RETAIN_SELF = YES;
				CLANG_WARN_OBJC_LITERAL_CONVERSION = YES;
				CLANG_WARN_OBJC_ROOT_CLASS = YES_ERROR;
				CLANG_WARN_RANGE_LOOP_ANALYSIS = YES;
				CLANG_WARN_STRICT_PROTOTYPES = YES;
				CLANG_WARN_SUSPICIOUS_MOVE = YES;
				CLANG_WARN_UNGUARDED_AVAILABILITY = YES_AGGRESSIVE;
				CLANG_WARN_UNREACHABLE_CODE = YES;
				CLANG_WARN__DUPLICATE_METHOD_MATCH = YES;
				CODE_SIGN_IDENTITY = "iPhone Developer";
				COPY_PHASE_STRIP = NO;
				DEBUG_INFORMATION_FORMAT = dwarf;
				ENABLE_STRICT_OBJC_MSGSEND = YES;
				ENABLE_TESTABILITY = YES;
				GCC_C_LANGUAGE_STANDARD = gnu11;
				GCC_DYNAMIC_NO_PIC = NO;
				GCC_NO_COMMON_BLOCKS = YES;
				GCC_OPTIMIZATION_LEVEL = 0;
				GCC_PREPROCESSOR_DEFINITIONS = (
					"DEBUG=1",
					"$(inherited)",
				);
				GCC_WARN_64_TO_32_BIT_CONVERSION = YES;
				GCC_WARN_ABOUT_RETURN_TYPE = YES_ERROR;
				GCC_WARN_UNDECLARED_SELECTOR = YES;
				GCC_WARN_UNINITIALIZED_AUTOS = YES_AGGRESSIVE;
				GCC_WARN_UNUSED_FUNCTION = YES;
				GCC_WARN_UNUSED_VARIABLE = YES;
				IPHONEOS_DEPLOYMENT_TARGET = 12.4;
				MTL_ENABLE_DEBUG_INFO = INCLUDE_SOURCE;
				MTL_FAST_MATH = YES;
				ONLY_ACTIVE_ARCH = YES;
				SDKROOT = iphoneos;
				SWIFT_ACTIVE_COMPILATION_CONDITIONS = DEBUG;
				SWIFT_OPTIMIZATION_LEVEL = "-Onone";
			};
			name = Debug;
		};
		27A716B423F807E900602E52 /* Release */ = {
			isa = XCBuildConfiguration;
			buildSettings = {
				ALWAYS_SEARCH_USER_PATHS = NO;
				CLANG_ANALYZER_NONNULL = YES;
				CLANG_ANALYZER_NUMBER_OBJECT_CONVERSION = YES_AGGRESSIVE;
				CLANG_CXX_LANGUAGE_STANDARD = "gnu++14";
				CLANG_CXX_LIBRARY = "libc++";
				CLANG_ENABLE_MODULES = YES;
				CLANG_ENABLE_OBJC_ARC = YES;
				CLANG_ENABLE_OBJC_WEAK = YES;
				CLANG_WARN_BLOCK_CAPTURE_AUTORELEASING = YES;
				CLANG_WARN_BOOL_CONVERSION = YES;
				CLANG_WARN_COMMA = YES;
				CLANG_WARN_CONSTANT_CONVERSION = YES;
				CLANG_WARN_DEPRECATED_OBJC_IMPLEMENTATIONS = YES;
				CLANG_WARN_DIRECT_OBJC_ISA_USAGE = YES_ERROR;
				CLANG_WARN_DOCUMENTATION_COMMENTS = YES;
				CLANG_WARN_EMPTY_BODY = YES;
				CLANG_WARN_ENUM_CONVERSION = YES;
				CLANG_WARN_INFINITE_RECURSION = YES;
				CLANG_WARN_INT_CONVERSION = YES;
				CLANG_WARN_NON_LITERAL_NULL_CONVERSION = YES;
				CLANG_WARN_OBJC_IMPLICIT_RETAIN_SELF = YES;
				CLANG_WARN_OBJC_LITERAL_CONVERSION = YES;
				CLANG_WARN_OBJC_ROOT_CLASS = YES_ERROR;
				CLANG_WARN_RANGE_LOOP_ANALYSIS = YES;
				CLANG_WARN_STRICT_PROTOTYPES = YES;
				CLANG_WARN_SUSPICIOUS_MOVE = YES;
				CLANG_WARN_UNGUARDED_AVAILABILITY = YES_AGGRESSIVE;
				CLANG_WARN_UNREACHABLE_CODE = YES;
				CLANG_WARN__DUPLICATE_METHOD_MATCH = YES;
				CODE_SIGN_IDENTITY = "iPhone Developer";
				COPY_PHASE_STRIP = NO;
				DEBUG_INFORMATION_FORMAT = "dwarf-with-dsym";
				ENABLE_NS_ASSERTIONS = NO;
				ENABLE_STRICT_OBJC_MSGSEND = YES;
				GCC_C_LANGUAGE_STANDARD = gnu11;
				GCC_NO_COMMON_BLOCKS = YES;
				GCC_WARN_64_TO_32_BIT_CONVERSION = YES;
				GCC_WARN_ABOUT_RETURN_TYPE = YES_ERROR;
				GCC_WARN_UNDECLARED_SELECTOR = YES;
				GCC_WARN_UNINITIALIZED_AUTOS = YES_AGGRESSIVE;
				GCC_WARN_UNUSED_FUNCTION = YES;
				GCC_WARN_UNUSED_VARIABLE = YES;
				IPHONEOS_DEPLOYMENT_TARGET = 12.4;
				MTL_ENABLE_DEBUG_INFO = NO;
				MTL_FAST_MATH = YES;
				SDKROOT = iphoneos;
				SWIFT_COMPILATION_MODE = wholemodule;
				SWIFT_OPTIMIZATION_LEVEL = "-O";
				VALIDATE_PRODUCT = YES;
			};
			name = Release;
		};
		27A716B623F807E900602E52 /* Debug */ = {
			isa = XCBuildConfiguration;
			baseConfigurationReference = 292D7E8C2EB1E68560682302 /* Pods-PhotosApp.debug.xcconfig */;
			buildSettings = {
				ASSETCATALOG_COMPILER_APPICON_NAME = AppIcon;
				CODE_SIGN_STYLE = Automatic;
				DEVELOPMENT_TEAM = 6FHC6MWKSK;
				INFOPLIST_FILE = PhotosApp/Info.plist;
				LD_RUNPATH_SEARCH_PATHS = (
					"$(inherited)",
					"@executable_path/Frameworks",
				);
				PRODUCT_BUNDLE_IDENTIFIER = com.omerelimelech.PhotosApp;
				PRODUCT_NAME = "$(TARGET_NAME)";
				SWIFT_VERSION = 5.0;
				TARGETED_DEVICE_FAMILY = "1,2";
			};
			name = Debug;
		};
		27A716B723F807E900602E52 /* Release */ = {
			isa = XCBuildConfiguration;
			baseConfigurationReference = F655D8ACB8ED474D893CC9D9 /* Pods-PhotosApp.release.xcconfig */;
			buildSettings = {
				ASSETCATALOG_COMPILER_APPICON_NAME = AppIcon;
				CODE_SIGN_STYLE = Automatic;
				DEVELOPMENT_TEAM = 6FHC6MWKSK;
				INFOPLIST_FILE = PhotosApp/Info.plist;
				LD_RUNPATH_SEARCH_PATHS = (
					"$(inherited)",
					"@executable_path/Frameworks",
				);
				PRODUCT_BUNDLE_IDENTIFIER = com.omerelimelech.PhotosApp;
				PRODUCT_NAME = "$(TARGET_NAME)";
				SWIFT_VERSION = 5.0;
				TARGETED_DEVICE_FAMILY = "1,2";
			};
			name = Release;
		};
		27A716B923F807E900602E52 /* Debug */ = {
			isa = XCBuildConfiguration;
			baseConfigurationReference = 5A9F7C558BCB4830AD99C121 /* Pods-PhotosAppTests.debug.xcconfig */;
			buildSettings = {
				ALWAYS_EMBED_SWIFT_STANDARD_LIBRARIES = YES;
				BUNDLE_LOADER = "$(TEST_HOST)";
				CODE_SIGN_STYLE = Automatic;
				DEVELOPMENT_TEAM = 6FHC6MWKSK;
				INFOPLIST_FILE = PhotosAppTests/Info.plist;
				LD_RUNPATH_SEARCH_PATHS = (
					"$(inherited)",
					"@executable_path/Frameworks",
					"@loader_path/Frameworks",
				);
				PRODUCT_BUNDLE_IDENTIFIER = com.omerelimelech.PhotosAppTests;
				PRODUCT_NAME = "$(TARGET_NAME)";
				SWIFT_VERSION = 5.0;
				TARGETED_DEVICE_FAMILY = "1,2";
				TEST_HOST = "$(BUILT_PRODUCTS_DIR)/PhotosApp.app/PhotosApp";
			};
			name = Debug;
		};
		27A716BA23F807E900602E52 /* Release */ = {
			isa = XCBuildConfiguration;
			baseConfigurationReference = 060EF52644A4168799441ACD /* Pods-PhotosAppTests.release.xcconfig */;
			buildSettings = {
				ALWAYS_EMBED_SWIFT_STANDARD_LIBRARIES = YES;
				BUNDLE_LOADER = "$(TEST_HOST)";
				CODE_SIGN_STYLE = Automatic;
				DEVELOPMENT_TEAM = 6FHC6MWKSK;
				INFOPLIST_FILE = PhotosAppTests/Info.plist;
				LD_RUNPATH_SEARCH_PATHS = (
					"$(inherited)",
					"@executable_path/Frameworks",
					"@loader_path/Frameworks",
				);
				PRODUCT_BUNDLE_IDENTIFIER = com.omerelimelech.PhotosAppTests;
				PRODUCT_NAME = "$(TARGET_NAME)";
				SWIFT_VERSION = 5.0;
				TARGETED_DEVICE_FAMILY = "1,2";
				TEST_HOST = "$(BUILT_PRODUCTS_DIR)/PhotosApp.app/PhotosApp";
			};
			name = Release;
		};
		27A716BC23F807E900602E52 /* Debug */ = {
			isa = XCBuildConfiguration;
			baseConfigurationReference = FC4D754DC64F214DE8E06B3B /* Pods-PhotosAppUITests.debug.xcconfig */;
			buildSettings = {
				ALWAYS_EMBED_SWIFT_STANDARD_LIBRARIES = YES;
				CODE_SIGN_STYLE = Automatic;
				DEVELOPMENT_TEAM = 6FHC6MWKSK;
				INFOPLIST_FILE = PhotosAppUITests/Info.plist;
				LD_RUNPATH_SEARCH_PATHS = (
					"$(inherited)",
					"@executable_path/Frameworks",
					"@loader_path/Frameworks",
				);
				PRODUCT_BUNDLE_IDENTIFIER = com.omerelimelech.PhotosAppUITests;
				PRODUCT_NAME = "$(TARGET_NAME)";
				SWIFT_VERSION = 5.0;
				TARGETED_DEVICE_FAMILY = "1,2";
				TEST_TARGET_NAME = PhotosApp;
			};
			name = Debug;
		};
		27A716BD23F807E900602E52 /* Release */ = {
			isa = XCBuildConfiguration;
			baseConfigurationReference = 321BB18A9B35141D80788810 /* Pods-PhotosAppUITests.release.xcconfig */;
			buildSettings = {
				ALWAYS_EMBED_SWIFT_STANDARD_LIBRARIES = YES;
				CODE_SIGN_STYLE = Automatic;
				DEVELOPMENT_TEAM = 6FHC6MWKSK;
				INFOPLIST_FILE = PhotosAppUITests/Info.plist;
				LD_RUNPATH_SEARCH_PATHS = (
					"$(inherited)",
					"@executable_path/Frameworks",
					"@loader_path/Frameworks",
				);
				PRODUCT_BUNDLE_IDENTIFIER = com.omerelimelech.PhotosAppUITests;
				PRODUCT_NAME = "$(TARGET_NAME)";
				SWIFT_VERSION = 5.0;
				TARGETED_DEVICE_FAMILY = "1,2";
				TEST_TARGET_NAME = PhotosApp;
			};
			name = Release;
		};
/* End XCBuildConfiguration section */

/* Begin XCConfigurationList section */
		27A7168523F807E600602E52 /* Build configuration list for PBXProject "PhotosApp" */ = {
			isa = XCConfigurationList;
			buildConfigurations = (
				27A716B323F807E900602E52 /* Debug */,
				27A716B423F807E900602E52 /* Release */,
			);
			defaultConfigurationIsVisible = 0;
			defaultConfigurationName = Release;
		};
		27A716B523F807E900602E52 /* Build configuration list for PBXNativeTarget "PhotosApp" */ = {
			isa = XCConfigurationList;
			buildConfigurations = (
				27A716B623F807E900602E52 /* Debug */,
				27A716B723F807E900602E52 /* Release */,
			);
			defaultConfigurationIsVisible = 0;
			defaultConfigurationName = Release;
		};
		27A716B823F807E900602E52 /* Build configuration list for PBXNativeTarget "PhotosAppTests" */ = {
			isa = XCConfigurationList;
			buildConfigurations = (
				27A716B923F807E900602E52 /* Debug */,
				27A716BA23F807E900602E52 /* Release */,
			);
			defaultConfigurationIsVisible = 0;
			defaultConfigurationName = Release;
		};
		27A716BB23F807E900602E52 /* Build configuration list for PBXNativeTarget "PhotosAppUITests" */ = {
			isa = XCConfigurationList;
			buildConfigurations = (
				27A716BC23F807E900602E52 /* Debug */,
				27A716BD23F807E900602E52 /* Release */,
			);
			defaultConfigurationIsVisible = 0;
			defaultConfigurationName = Release;
		};
/* End XCConfigurationList section */

/* Begin XCVersionGroup section */
		27A7169423F807E600602E52 /* PhotosApp.xcdatamodeld */ = {
			isa = XCVersionGroup;
			children = (
				27A7169523F807E600602E52 /* PhotosApp.xcdatamodel */,
			);
			currentVersion = 27A7169523F807E600602E52 /* PhotosApp.xcdatamodel */;
			path = PhotosApp.xcdatamodeld;
			sourceTree = "<group>";
			versionGroupType = wrapper.xcdatamodel;
		};
/* End XCVersionGroup section */
	};
	rootObject = 27A7168223F807E600602E52 /* Project object */;
}
